// !$*UTF8*$!
{
	archiveVersion = 1;
	classes = {
	};
	objectVersion = 46;
	objects = {

/* Begin PBXBuildFile section */
		C2C528F91BC3A67600B8016C /* main.m in Sources */ = {isa = PBXBuildFile; fileRef = C2C528F81BC3A67600B8016C /* main.m */; };
		C2C528FC1BC3A67600B8016C /* AppDelegate.m in Sources */ = {isa = PBXBuildFile; fileRef = C2C528FB1BC3A67600B8016C /* AppDelegate.m */; };
		C2C528FE1BC3A67600B8016C /* Images.xcassets in Resources */ = {isa = PBXBuildFile; fileRef = C2C528FD1BC3A67600B8016C /* Images.xcassets */; };
		C2C529011BC3A67600B8016C /* LaunchScreen.xib in Resources */ = {isa = PBXBuildFile; fileRef = C2C528FF1BC3A67600B8016C /* LaunchScreen.xib */; };
		C2C5290D1BC3A67600B8016C /* gitHub_testTests.m in Sources */ = {isa = PBXBuildFile; fileRef = C2C5290C1BC3A67600B8016C /* gitHub_testTests.m */; };
/* End PBXBuildFile section */

/* Begin PBXContainerItemProxy section */
		C2C529071BC3A67600B8016C /* PBXContainerItemProxy */ = {
			isa = PBXContainerItemProxy;
			containerPortal = C2C528EB1BC3A67600B8016C /* Project object */;
			proxyType = 1;
			remoteGlobalIDString = C2C528F21BC3A67600B8016C;
			remoteInfo = gitHub_test;
		};
/* End PBXContainerItemProxy section */

/* Begin PBXFileReference section */
		C2C528F31BC3A67600B8016C /* gitHub_test.app */ = {isa = PBXFileReference; explicitFileType = wrapper.application; includeInIndex = 0; path = gitHub_test.app; sourceTree = BUILT_PRODUCTS_DIR; };
		C2C528F71BC3A67600B8016C /* Info.plist */ = {isa = PBXFileReference; lastKnownFileType = text.plist.xml; path = Info.plist; sourceTree = "<group>"; };
		C2C528F81BC3A67600B8016C /* main.m */ = {isa = PBXFileReference; lastKnownFileType = sourcecode.c.objc; path = main.m; sourceTree = "<group>"; };
		C2C528FA1BC3A67600B8016C /* AppDelegate.h */ = {isa = PBXFileReference; lastKnownFileType = sourcecode.c.h; path = AppDelegate.h; sourceTree = "<group>"; };
		C2C528FB1BC3A67600B8016C /* AppDelegate.m */ = {isa = PBXFileReference; lastKnownFileType = sourcecode.c.objc; path = AppDelegate.m; sourceTree = "<group>"; };
		C2C528FD1BC3A67600B8016C /* Images.xcassets */ = {isa = PBXFileReference; lastKnownFileType = folder.assetcatalog; path = Images.xcassets; sourceTree = "<group>"; };
		C2C529001BC3A67600B8016C /* Base */ = {isa = PBXFileReference; lastKnownFileType = file.xib; name = Base; path = Base.lproj/LaunchScreen.xib; sourceTree = "<group>"; };
		C2C529061BC3A67600B8016C /* gitHub_testTests.xctest */ = {isa = PBXFileReference; explicitFileType = wrapper.cfbundle; includeInIndex = 0; path = gitHub_testTests.xctest; sourceTree = BUILT_PRODUCTS_DIR; };
		C2C5290B1BC3A67600B8016C /* Info.plist */ = {isa = PBXFileReference; lastKnownFileType = text.plist.xml; path = Info.plist; sourceTree = "<group>"; };
		C2C5290C1BC3A67600B8016C /* gitHub_testTests.m */ = {isa = PBXFileReference; lastKnownFileType = sourcecode.c.objc; path = gitHub_testTests.m; sourceTree = "<group>"; };
/* End PBXFileReference section */

/* Begin PBXFrameworksBuildPhase section */
		C2C528F01BC3A67600B8016C /* Frameworks */ = {
			isa = PBXFrameworksBuildPhase;
			buildActionMask = 2147483647;
			files = (
			);
			runOnlyForDeploymentPostprocessing = 0;
		};
		C2C529031BC3A67600B8016C /* Frameworks */ = {
			isa = PBXFrameworksBuildPhase;
			buildActionMask = 2147483647;
			files = (
			);
			runOnlyForDeploymentPostprocessing = 0;
		};
/* End PBXFrameworksBuildPhase section */

/* Begin PBXGroup section */
		C2C528EA1BC3A67600B8016C = {
			isa = PBXGroup;
			children = (
				C2C528F51BC3A67600B8016C /* gitHub_test */,
				C2C529091BC3A67600B8016C /* gitHub_testTests */,
				C2C528F41BC3A67600B8016C /* Products */,
			);
			sourceTree = "<group>";
		};
		C2C528F41BC3A67600B8016C /* Products */ = {
			isa = PBXGroup;
			children = (
				C2C528F31BC3A67600B8016C /* gitHub_test.app */,
				C2C529061BC3A67600B8016C /* gitHub_testTests.xctest */,
			);
			name = Products;
			sourceTree = "<group>";
		};
		C2C528F51BC3A67600B8016C /* gitHub_test */ = {
			isa = PBXGroup;
			children = (
				C2C528FA1BC3A67600B8016C /* AppDelegate.h */,
				C2C528FB1BC3A67600B8016C /* AppDelegate.m */,
				C2C528FD1BC3A67600B8016C /* Images.xcassets */,
				C2C528FF1BC3A67600B8016C /* LaunchScreen.xib */,
				C2C528F61BC3A67600B8016C /* Supporting Files */,
			);
			path = gitHub_test;
			sourceTree = "<group>";
		};
		C2C528F61BC3A67600B8016C /* Supporting Files */ = {
			isa = PBXGroup;
			children = (
				C2C528F71BC3A67600B8016C /* Info.plist */,
				C2C528F81BC3A67600B8016C /* main.m */,
			);
			name = "Supporting Files";
			sourceTree = "<group>";
		};
		C2C529091BC3A67600B8016C /* gitHub_testTests */ = {
			isa = PBXGroup;
			children = (
				C2C5290C1BC3A67600B8016C /* gitHub_testTests.m */,
				C2C5290A1BC3A67600B8016C /* Supporting Files */,
			);
			path = gitHub_testTests;
			sourceTree = "<group>";
		};
		C2C5290A1BC3A67600B8016C /* Supporting Files */ = {
			isa = PBXGroup;
			children = (
				C2C5290B1BC3A67600B8016C /* Info.plist */,
			);
			name = "Supporting Files";
			sourceTree = "<group>";
		};
/* End PBXGroup section */

/* Begin PBXNativeTarget section */
		C2C528F21BC3A67600B8016C /* gitHub_test */ = {
			isa = PBXNativeTarget;
			buildConfigurationList = C2C529101BC3A67600B8016C /* Build configuration list for PBXNativeTarget "gitHub_test" */;
			buildPhases = (
				C2C528EF1BC3A67600B8016C /* Sources */,
				C2C528F01BC3A67600B8016C /* Frameworks */,
				C2C528F11BC3A67600B8016C /* Resources */,
			);
			buildRules = (
			);
			dependencies = (
			);
			name = gitHub_test;
			productName = gitHub_test;
			productReference = C2C528F31BC3A67600B8016C /* gitHub_test.app */;
			productType = "com.apple.product-type.application";
		};
		C2C529051BC3A67600B8016C /* gitHub_testTests */ = {
			isa = PBXNativeTarget;
			buildConfigurationList = C2C529131BC3A67600B8016C /* Build configuration list for PBXNativeTarget "gitHub_testTests" */;
			buildPhases = (
				C2C529021BC3A67600B8016C /* Sources */,
				C2C529031BC3A67600B8016C /* Frameworks */,
				C2C529041BC3A67600B8016C /* Resources */,
			);
			buildRules = (
			);
			dependencies = (
				C2C529081BC3A67600B8016C /* PBXTargetDependency */,
			);
			name = gitHub_testTests;
			productName = gitHub_testTests;
			productReference = C2C529061BC3A67600B8016C /* gitHub_testTests.xctest */;
			productType = "com.apple.product-type.bundle.unit-test";
		};
/* End PBXNativeTarget section */

/* Begin PBXProject section */
		C2C528EB1BC3A67600B8016C /* Project object */ = {
			isa = PBXProject;
			attributes = {
				LastUpgradeCheck = 0640;
				ORGANIZATIONNAME = lanou3g;
				TargetAttributes = {
					C2C528F21BC3A67600B8016C = {
						CreatedOnToolsVersion = 6.4;
					};
					C2C529051BC3A67600B8016C = {
						CreatedOnToolsVersion = 6.4;
						TestTargetID = C2C528F21BC3A67600B8016C;
					};
				};
			};
			buildConfigurationList = C2C528EE1BC3A67600B8016C /* Build configuration list for PBXProject "gitHub_test" */;
			compatibilityVersion = "Xcode 3.2";
			developmentRegion = English;
			hasScannedForEncodings = 0;
			knownRegions = (
				en,
				Base,
			);
			mainGroup = C2C528EA1BC3A67600B8016C;
			productRefGroup = C2C528F41BC3A67600B8016C /* Products */;
			projectDirPath = "";
			projectRoot = "";
			targets = (
				C2C528F21BC3A67600B8016C /* gitHub_test */,
				C2C529051BC3A67600B8016C /* gitHub_testTests */,
			);
		};
/* End PBXProject section */

/* Begin PBXResourcesBuildPhase section */
		C2C528F11BC3A67600B8016C /* Resources */ = {
			isa = PBXResourcesBuildPhase;
			buildActionMask = 2147483647;
			files = (
				C2C529011BC3A67600B8016C /* LaunchScreen.xib in Resources */,
				C2C528FE1BC3A67600B8016C /* Images.xcassets in Resources */,
			);
			runOnlyForDeploymentPostprocessing = 0;
		};
		C2C529041BC3A67600B8016C /* Resources */ = {
			isa = PBXResourcesBuildPhase;
			buildActionMask = 2147483647;
			files = (
			);
			runOnlyForDeploymentPostprocessing = 0;
		};
/* End PBXResourcesBuildPhase section */

/* Begin PBXSourcesBuildPhase section */
		C2C528EF1BC3A67600B8016C /* Sources */ = {
			isa = PBXSourcesBuildPhase;
			buildActionMask = 2147483647;
			files = (
				C2C528FC1BC3A67600B8016C /* AppDelegate.m in Sources */,
				C2C528F91BC3A67600B8016C /* main.m in Sources */,
			);
			runOnlyForDeploymentPostprocessing = 0;
		};
		C2C529021BC3A67600B8016C /* Sources */ = {
			isa = PBXSourcesBuildPhase;
			buildActionMask = 2147483647;
			files = (
				C2C5290D1BC3A67600B8016C /* gitHub_testTests.m in Sources */,
			);
			runOnlyForDeploymentPostprocessing = 0;
		};
/* End PBXSourcesBuildPhase section */

/* Begin PBXTargetDependency section */
		C2C529081BC3A67600B8016C /* PBXTargetDependency */ = {
			isa = PBXTargetDependency;
			target = C2C528F21BC3A67600B8016C /* gitHub_test */;
			targetProxy = C2C529071BC3A67600B8016C /* PBXContainerItemProxy */;
		};
/* End PBXTargetDependency section */

/* Begin PBXVariantGroup section */
		C2C528FF1BC3A67600B8016C /* LaunchScreen.xib */ = {
			isa = PBXVariantGroup;
			children = (
				C2C529001BC3A67600B8016C /* Base */,
			);
			name = LaunchScreen.xib;
			sourceTree = "<group>";
		};
/* End PBXVariantGroup section */

/* Begin XCBuildConfiguration section */
		C2C5290E1BC3A67600B8016C /* Debug */ = {
			isa = XCBuildConfiguration;
			buildSettings = {
				ALWAYS_SEARCH_USER_PATHS = NO;
				CLANG_CXX_LANGUAGE_STANDARD = "gnu++0x";
				CLANG_CXX_LIBRARY = "libc++";
				CLANG_ENABLE_MODULES = YES;
				CLANG_ENABLE_OBJC_ARC = YES;
				CLANG_WARN_BOOL_CONVERSION = YES;
				CLANG_WARN_CONSTANT_CONVERSION = YES;
				CLANG_WARN_DIRECT_OBJC_ISA_USAGE = YES_ERROR;
				CLANG_WARN_EMPTY_BODY = YES;
				CLANG_WARN_ENUM_CONVERSION = YES;
				CLANG_WARN_INT_CONVERSION = YES;
				CLANG_WARN_OBJC_ROOT_CLASS = YES_ERROR;
				CLANG_WARN_UNREACHABLE_CODE = YES;
				CLANG_WARN__DUPLICATE_METHOD_MATCH = YES;
				"CODE_SIGN_IDENTITY[sdk=iphoneos*]" = "iPhone Developer";
				COPY_PHASE_STRIP = NO;
				DEBUG_INFORMATION_FORMAT = "dwarf-with-dsym";
				ENABLE_STRICT_OBJC_MSGSEND = YES;
				GCC_C_LANGUAGE_STANDARD = gnu99;
				GCC_DYNAMIC_NO_PIC = NO;
				GCC_NO_COMMON_BLOCKS = YES;
				GCC_OPTIMIZATION_LEVEL = 0;
				GCC_PREPROCESSOR_DEFINITIONS = (
					"DEBUG=1",
					"$(inherited)",
				);
				GCC_SYMBOLS_PRIVATE_EXTERN = NO;
				GCC_WARN_64_TO_32_BIT_CONVERSION = YES;
				GCC_WARN_ABOUT_RETURN_TYPE = YES_ERROR;
				GCC_WARN_UNDECLARED_SELECTOR = YES;
				GCC_WARN_UNINITIALIZED_AUTOS = YES_AGGRESSIVE;
				GCC_WARN_UNUSED_FUNCTION = YES;
				GCC_WARN_UNUSED_VARIABLE = YES;
				IPHONEOS_DEPLOYMENT_TARGET = 8.4;
				MTL_ENABLE_DEBUG_INFO = YES;
				ONLY_ACTIVE_ARCH = YES;
				SDKROOT = iphoneos;
			};
			name = Debug;
		};
		C2C5290F1BC3A67600B8016C /* Release */ = {
			isa = XCBuildConfiguration;
			buildSettings = {
				ALWAYS_SEARCH_USER_PATHS = NO;
				CLANG_CXX_LANGUAGE_STANDARD = "gnu++0x";
				CLANG_CXX_LIBRARY = "libc++";
				CLANG_ENABLE_MODULES = YES;
				CLANG_ENABLE_OBJC_ARC = YES;
				CLANG_WARN_BOOL_CONVERSION = YES;
				CLANG_WARN_CONSTANT_CONVERSION = YES;
				CLANG_WARN_DIRECT_OBJC_ISA_USAGE = YES_ERROR;
				CLANG_WARN_EMPTY_BODY = YES;
				CLANG_WARN_ENUM_CONVERSION = YES;
				CLANG_WARN_INT_CONVERSION = YES;
				CLANG_WARN_OBJC_ROOT_CLASS = YES_ERROR;
				CLANG_WARN_UNREACHABLE_CODE = YES;
				CLANG_WARN__DUPLICATE_METHOD_MATCH = YES;
				"CODE_SIGN_IDENTITY[sdk=iphoneos*]" = "iPhone Developer";
				COPY_PHASE_STRIP = NO;
				DEBUG_INFORMATION_FORMAT = "dwarf-with-dsym";
				ENABLE_NS_ASSERTIONS = NO;
				ENABLE_STRICT_OBJC_MSGSEND = YES;
				GCC_C_LANGUAGE_STANDARD = gnu99;
				GCC_NO_COMMON_BLOCKS = YES;
				GCC_WARN_64_TO_32_BIT_CONVERSION = YES;
				GCC_WARN_ABOUT_RETURN_TYPE = YES_ERROR;
				GCC_WARN_UNDECLARED_SELECTOR = YES;
				GCC_WARN_UNINITIALIZED_AUTOS = YES_AGGRESSIVE;
				GCC_WARN_UNUSED_FUNCTION = YES;
				GCC_WARN_UNUSED_VARIABLE = YES;
				IPHONEOS_DEPLOYMENT_TARGET = 8.4;
				MTL_ENABLE_DEBUG_INFO = NO;
				SDKROOT = iphoneos;
				VALIDATE_PRODUCT = YES;
			};
			name = Release;
		};
		C2C529111BC3A67600B8016C /* Debug */ = {
			isa = XCBuildConfiguration;
			buildSettings = {
				ASSETCATALOG_COMPILER_APPICON_NAME = AppIcon;
				INFOPLIST_FILE = gitHub_test/Info.plist;
				LD_RUNPATH_SEARCH_PATHS = "$(inherited) @executable_path/Frameworks";
				PRODUCT_NAME = "$(TARGET_NAME)";
			};
			name = Debug;
		};
		C2C529121BC3A67600B8016C /* Release */ = {
			isa = XCBuildConfiguration;
			buildSettings = {
				ASSETCATALOG_COMPILER_APPICON_NAME = AppIcon;
				INFOPLIST_FILE = gitHub_test/Info.plist;
				LD_RUNPATH_SEARCH_PATHS = "$(inherited) @executable_path/Frameworks";
				PRODUCT_NAME = "$(TARGET_NAME)";
			};
			name = Release;
		};
		C2C529141BC3A67600B8016C /* Debug */ = {
			isa = XCBuildConfiguration;
			buildSettings = {
				BUNDLE_LOADER = "$(TEST_HOST)";
				FRAMEWORK_SEARCH_PATHS = (
					"$(SDKROOT)/Developer/Library/Frameworks",
					"$(inherited)",
				);
				GCC_PREPROCESSOR_DEFINITIONS = (
					"DEBUG=1",
					"$(inherited)",
				);
				INFOPLIST_FILE = gitHub_testTests/Info.plist;
				LD_RUNPATH_SEARCH_PATHS = "$(inherited) @executable_path/Frameworks @loader_path/Frameworks";
				PRODUCT_NAME = "$(TARGET_NAME)";
				TEST_HOST = "$(BUILT_PRODUCTS_DIR)/gitHub_test.app/gitHub_test";
			};
			name = Debug;
		};
		C2C529151BC3A67600B8016C /* Release */ = {
			isa = XCBuildConfiguration;
			buildSettings = {
				BUNDLE_LOADER = "$(TEST_HOST)";
				FRAMEWORK_SEARCH_PATHS = (
					"$(SDKROOT)/Developer/Library/Frameworks",
					"$(inherited)",
				);
				INFOPLIST_FILE = gitHub_testTests/Info.plist;
				LD_RUNPATH_SEARCH_PATHS = "$(inherited) @executable_path/Frameworks @loader_path/Frameworks";
				PRODUCT_NAME = "$(TARGET_NAME)";
				TEST_HOST = "$(BUILT_PRODUCTS_DIR)/gitHub_test.app/gitHub_test";
			};
			name = Release;
		};
/* End XCBuildConfiguration section */

/* Begin XCConfigurationList section */
		C2C528EE1BC3A67600B8016C /* Build configuration list for PBXProject "gitHub_test" */ = {
			isa = XCConfigurationList;
			buildConfigurations = (
				C2C5290E1BC3A67600B8016C /* Debug */,
				C2C5290F1BC3A67600B8016C /* Release */,
			);
			defaultConfigurationIsVisible = 0;
			defaultConfigurationName = Release;
		};
		C2C529101BC3A67600B8016C /* Build configuration list for PBXNativeTarget "gitHub_test" */ = {
			isa = XCConfigurationList;
			buildConfigurations = (
				C2C529111BC3A67600B8016C /* Debug */,
				C2C529121BC3A67600B8016C /* Release */,
			);
			defaultConfigurationIsVisible = 0;
		};
		C2C529131BC3A67600B8016C /* Build configuration list for PBXNativeTarget "gitHub_testTests" */ = {
			isa = XCConfigurationList;
			buildConfigurations = (
				C2C529141BC3A67600B8016C /* Debug */,
				C2C529151BC3A67600B8016C /* Release */,
			);
			defaultConfigurationIsVisible = 0;
		};
/* End XCConfigurationList section */
	};
	rootObject = C2C528EB1BC3A67600B8016C /* Project object */;
}
